{
  "name": "angularjs-lazy-loading",
  "version": "1.0.0",
  "lockfileVersion": 1,
  "requires": true,
  "dependencies": {
    "@uirouter/angularjs": {
      "version": "1.0.18",
      "resolved": "https://registry.npmjs.org/@uirouter/angularjs/-/angularjs-1.0.18.tgz",
      "integrity": "sha512-tswhwMMBDnbGOZnnCVpnA0pbd7dXkBck1HO0WY7fw8GO3dKbWAAc/rL0479dLypR89UDDGym5leTvZCLW4cJnA==",
      "requires": {
        "@uirouter/core": "5.0.19"
      }
    },
    "@uirouter/core": {
      "version": "5.0.19",
      "resolved": "https://registry.npmjs.org/@uirouter/core/-/core-5.0.19.tgz",
      "integrity": "sha512-wow+CKRThUAQkiTLNQCBsKQIU3NbH8GGH/w/TrcjKdvkZQA2jQB9QSqmmZxj7XNoZXY7QVcSSc4DWmxuSeAWmQ=="
    },
    "angular": {
      "version": "1.6.10",
      "resolved": "https://registry.npmjs.org/angular/-/angular-1.6.10.tgz",
      "integrity": "sha512-PCZ5/hVdvPQiYyH0VwsPjrErPHRcITnaXxhksceOXgtJeesKHLA7KDu4X/yvcAi+1zdGgGF+9pDxkJvghXI9Wg=="
    },
    "oclazyload": {
      "version": "1.1.0",
      "resolved": "https://registry.npmjs.org/oclazyload/-/oclazyload-1.1.0.tgz",
      "integrity": "sha1-qYBzIvGQggqBwCLy7xcB0DbYPoc="
    }
  }
}
